// !$*UTF8*$!
{
	archiveVersion = 1;
	classes = {
	};
	objectVersion = 56;
	objects = {

/* Begin PBXBuildFile section */
		3410509E2C23A3CF003F3616 /* AgendaView.swift in Sources */ = {isa = PBXBuildFile; fileRef = 3410509D2C23A3CF003F3616 /* AgendaView.swift */; };
		341050A22C23F347003F3616 /* ReservationsView.swift in Sources */ = {isa = PBXBuildFile; fileRef = 341050A12C23F347003F3616 /* ReservationsView.swift */; };
		343A6F412C1BAC8A000BBC51 /* ContentView.swift in Sources */ = {isa = PBXBuildFile; fileRef = 343A6F402C1BAC8A000BBC51 /* ContentView.swift */; };
		34582D122C1A88E100AFAD84 /* LabsFLowsAppApp.swift in Sources */ = {isa = PBXBuildFile; fileRef = 34582D112C1A88E100AFAD84 /* LabsFLowsAppApp.swift */; };
		34582D162C1A88E300AFAD84 /* Assets.xcassets in Resources */ = {isa = PBXBuildFile; fileRef = 34582D152C1A88E300AFAD84 /* Assets.xcassets */; };
		34582D192C1A88E400AFAD84 /* Preview Assets.xcassets in Resources */ = {isa = PBXBuildFile; fileRef = 34582D182C1A88E400AFAD84 /* Preview Assets.xcassets */; };
		34582D272C1A8DAF00AFAD84 /* LoginView.swift in Sources */ = {isa = PBXBuildFile; fileRef = 34582D262C1A8DAF00AFAD84 /* LoginView.swift */; };
		34582D292C1A949600AFAD84 /* inputView.swift in Sources */ = {isa = PBXBuildFile; fileRef = 34582D282C1A949600AFAD84 /* inputView.swift */; };
		34C103162C1AA1D20015D361 /* RegistrationView.swift in Sources */ = {isa = PBXBuildFile; fileRef = 34C103152C1AA1D20015D361 /* RegistrationView.swift */; };
		34C103182C1AA71C0015D361 /* ProfileView.swift in Sources */ = {isa = PBXBuildFile; fileRef = 34C103172C1AA71C0015D361 /* ProfileView.swift */; };
		34C1031A2C1AAAD00015D361 /* SettingsRowView.swift in Sources */ = {isa = PBXBuildFile; fileRef = 34C103192C1AAAD00015D361 /* SettingsRowView.swift */; };
		34C1031C2C1AAF490015D361 /* User.swift in Sources */ = {isa = PBXBuildFile; fileRef = 34C1031B2C1AAF490015D361 /* User.swift */; };
		34C103222C1ABCF00015D361 /* GoogleService-Info.plist in Resources */ = {isa = PBXBuildFile; fileRef = 34C103212C1ABCF00015D361 /* GoogleService-Info.plist */; };
		34C103252C1ABE9A0015D361 /* FirebaseAuth in Frameworks */ = {isa = PBXBuildFile; productRef = 34C103242C1ABE9A0015D361 /* FirebaseAuth */; };
		34C103272C1ABE9A0015D361 /* FirebaseFirestore in Frameworks */ = {isa = PBXBuildFile; productRef = 34C103262C1ABE9A0015D361 /* FirebaseFirestore */; };
		34C103292C1ABE9A0015D361 /* FirebaseFirestoreSwift in Frameworks */ = {isa = PBXBuildFile; productRef = 34C103282C1ABE9A0015D361 /* FirebaseFirestoreSwift */; };
		34C1032B2C1ABE9A0015D361 /* FirebaseStorage in Frameworks */ = {isa = PBXBuildFile; productRef = 34C1032A2C1ABE9A0015D361 /* FirebaseStorage */; };
		34C1032F2C1ABFB00015D361 /* AuthViewModel.swift in Sources */ = {isa = PBXBuildFile; fileRef = 34C1032E2C1ABFB00015D361 /* AuthViewModel.swift */; };
		34C791A62C1D398300533643 /* Laboratory.swift in Sources */ = {isa = PBXBuildFile; fileRef = 34C791A52C1D398300533643 /* Laboratory.swift */; };
		34C791A82C1D3E9200533643 /* EducationalProgram.swift in Sources */ = {isa = PBXBuildFile; fileRef = 34C791A72C1D3E9200533643 /* EducationalProgram.swift */; };
		34C791AA2C1D3F6900533643 /* LearningUnit.swift in Sources */ = {isa = PBXBuildFile; fileRef = 34C791A92C1D3F6900533643 /* LearningUnit.swift */; };
		34C791AF2C1D59EC00533643 /* Reservation.swift in Sources */ = {isa = PBXBuildFile; fileRef = 34C791AE2C1D59EB00533643 /* Reservation.swift */; };
/* End PBXBuildFile section */

/* Begin PBXFileReference section */
		3410509D2C23A3CF003F3616 /* AgendaView.swift */ = {isa = PBXFileReference; lastKnownFileType = sourcecode.swift; path = AgendaView.swift; sourceTree = "<group>"; };
		341050A12C23F347003F3616 /* ReservationsView.swift */ = {isa = PBXFileReference; lastKnownFileType = sourcecode.swift; path = ReservationsView.swift; sourceTree = "<group>"; };
		343A6F402C1BAC8A000BBC51 /* ContentView.swift */ = {isa = PBXFileReference; lastKnownFileType = sourcecode.swift; path = ContentView.swift; sourceTree = "<group>"; };
		34582D0E2C1A88E100AFAD84 /* LabsFLowsApp.app */ = {isa = PBXFileReference; explicitFileType = wrapper.application; includeInIndex = 0; path = LabsFLowsApp.app; sourceTree = BUILT_PRODUCTS_DIR; };
		34582D112C1A88E100AFAD84 /* LabsFLowsAppApp.swift */ = {isa = PBXFileReference; lastKnownFileType = sourcecode.swift; path = LabsFLowsAppApp.swift; sourceTree = "<group>"; };
		34582D152C1A88E300AFAD84 /* Assets.xcassets */ = {isa = PBXFileReference; lastKnownFileType = folder.assetcatalog; path = Assets.xcassets; sourceTree = "<group>"; };
		34582D182C1A88E400AFAD84 /* Preview Assets.xcassets */ = {isa = PBXFileReference; lastKnownFileType = folder.assetcatalog; path = "Preview Assets.xcassets"; sourceTree = "<group>"; };
		34582D262C1A8DAF00AFAD84 /* LoginView.swift */ = {isa = PBXFileReference; lastKnownFileType = sourcecode.swift; path = LoginView.swift; sourceTree = "<group>"; };
		34582D282C1A949600AFAD84 /* inputView.swift */ = {isa = PBXFileReference; lastKnownFileType = sourcecode.swift; path = inputView.swift; sourceTree = "<group>"; };
		34C103152C1AA1D20015D361 /* RegistrationView.swift */ = {isa = PBXFileReference; lastKnownFileType = sourcecode.swift; path = RegistrationView.swift; sourceTree = "<group>"; };
		34C103172C1AA71C0015D361 /* ProfileView.swift */ = {isa = PBXFileReference; lastKnownFileType = sourcecode.swift; path = ProfileView.swift; sourceTree = "<group>"; };
		34C103192C1AAAD00015D361 /* SettingsRowView.swift */ = {isa = PBXFileReference; lastKnownFileType = sourcecode.swift; path = SettingsRowView.swift; sourceTree = "<group>"; };
		34C1031B2C1AAF490015D361 /* User.swift */ = {isa = PBXFileReference; lastKnownFileType = sourcecode.swift; path = User.swift; sourceTree = "<group>"; };
		34C103212C1ABCF00015D361 /* GoogleService-Info.plist */ = {isa = PBXFileReference; lastKnownFileType = text.plist; path = "GoogleService-Info.plist"; sourceTree = SOURCE_ROOT; };
		34C1032E2C1ABFB00015D361 /* AuthViewModel.swift */ = {isa = PBXFileReference; lastKnownFileType = sourcecode.swift; name = AuthViewModel.swift; path = LabsFlowsApp/Core/Authentication/ViewModel/AuthViewModel.swift; sourceTree = SOURCE_ROOT; };
		34C791A52C1D398300533643 /* Laboratory.swift */ = {isa = PBXFileReference; lastKnownFileType = sourcecode.swift; path = Laboratory.swift; sourceTree = "<group>"; };
		34C791A72C1D3E9200533643 /* EducationalProgram.swift */ = {isa = PBXFileReference; lastKnownFileType = sourcecode.swift; path = EducationalProgram.swift; sourceTree = "<group>"; };
		34C791A92C1D3F6900533643 /* LearningUnit.swift */ = {isa = PBXFileReference; lastKnownFileType = sourcecode.swift; path = LearningUnit.swift; sourceTree = "<group>"; };
		34C791AE2C1D59EB00533643 /* Reservation.swift */ = {isa = PBXFileReference; lastKnownFileType = sourcecode.swift; path = Reservation.swift; sourceTree = "<group>"; };
/* End PBXFileReference section */

/* Begin PBXFrameworksBuildPhase section */
		34582D0B2C1A88E100AFAD84 /* Frameworks */ = {
			isa = PBXFrameworksBuildPhase;
			buildActionMask = 2147483647;
			files = (
				34C103252C1ABE9A0015D361 /* FirebaseAuth in Frameworks */,
				34C1032B2C1ABE9A0015D361 /* FirebaseStorage in Frameworks */,
				34C103272C1ABE9A0015D361 /* FirebaseFirestore in Frameworks */,
				34C103292C1ABE9A0015D361 /* FirebaseFirestoreSwift in Frameworks */,
			);
			runOnlyForDeploymentPostprocessing = 0;
		};
/* End PBXFrameworksBuildPhase section */

/* Begin PBXGroup section */
		34582D052C1A88E100AFAD84 = {
			isa = PBXGroup;
			children = (
				34582D102C1A88E100AFAD84 /* LabsFLowsApp */,
				34582D0F2C1A88E100AFAD84 /* Products */,
			);
			sourceTree = "<group>";
		};
		34582D0F2C1A88E100AFAD84 /* Products */ = {
			isa = PBXGroup;
			children = (
				34582D0E2C1A88E100AFAD84 /* LabsFLowsApp.app */,
			);
			name = Products;
			sourceTree = "<group>";
		};
		34582D102C1A88E100AFAD84 /* LabsFLowsApp */ = {
			isa = PBXGroup;
			children = (
				34C791A02C1D1A3C00533643 /* Labs */,
				34582D222C1A8B0900AFAD84 /* App */,
				34582D212C1A8AF400AFAD84 /* Components */,
				34582D202C1A8AEE00AFAD84 /* Core */,
				34582D1F2C1A8AD900AFAD84 /* Model */,
				34582D152C1A88E300AFAD84 /* Assets.xcassets */,
				34C103212C1ABCF00015D361 /* GoogleService-Info.plist */,
				34582D172C1A88E400AFAD84 /* Preview Content */,
			);
			path = LabsFLowsApp;
			sourceTree = "<group>";
		};
		34582D172C1A88E400AFAD84 /* Preview Content */ = {
			isa = PBXGroup;
			children = (
				34582D182C1A88E400AFAD84 /* Preview Assets.xcassets */,
			);
			path = "Preview Content";
			sourceTree = "<group>";
		};
		34582D1F2C1A8AD900AFAD84 /* Model */ = {
			isa = PBXGroup;
			children = (
				34C1031B2C1AAF490015D361 /* User.swift */,
				34C791A52C1D398300533643 /* Laboratory.swift */,
				34C791A72C1D3E9200533643 /* EducationalProgram.swift */,
				34C791A92C1D3F6900533643 /* LearningUnit.swift */,
				34C791AE2C1D59EB00533643 /* Reservation.swift */,
			);
			path = Model;
			sourceTree = "<group>";
		};
		34582D202C1A8AEE00AFAD84 /* Core */ = {
			isa = PBXGroup;
			children = (
				34582D242C1A8D4100AFAD84 /* Authentication */,
				34582D252C1A8D6100AFAD84 /* Profile */,
				34582D232C1A8D0400AFAD84 /* Root */,
			);
			path = Core;
			sourceTree = "<group>";
		};
		34582D212C1A8AF400AFAD84 /* Components */ = {
			isa = PBXGroup;
			children = (
				34582D282C1A949600AFAD84 /* inputView.swift */,
				34C103192C1AAAD00015D361 /* SettingsRowView.swift */,
			);
			path = Components;
			sourceTree = "<group>";
		};
		34582D222C1A8B0900AFAD84 /* App */ = {
			isa = PBXGroup;
			children = (
				34582D112C1A88E100AFAD84 /* LabsFLowsAppApp.swift */,
			);
			path = App;
			sourceTree = "<group>";
		};
		34582D232C1A8D0400AFAD84 /* Root */ = {
			isa = PBXGroup;
			children = (
				343A6F402C1BAC8A000BBC51 /* ContentView.swift */,
			);
			path = Root;
			sourceTree = "<group>";
		};
		34582D242C1A8D4100AFAD84 /* Authentication */ = {
			isa = PBXGroup;
			children = (
				34C1032D2C1ABF570015D361 /* View */,
				34C1032C2C1ABF480015D361 /* ViewModel */,
			);
			path = Authentication;
			sourceTree = "<group>";
		};
		34582D252C1A8D6100AFAD84 /* Profile */ = {
			isa = PBXGroup;
			children = (
				34C103172C1AA71C0015D361 /* ProfileView.swift */,
			);
			path = Profile;
			sourceTree = "<group>";
		};
		34C1032C2C1ABF480015D361 /* ViewModel */ = {
			isa = PBXGroup;
			children = (
				34C1032E2C1ABFB00015D361 /* AuthViewModel.swift */,
			);
			path = ViewModel;
			sourceTree = "<group>";
		};
		34C1032D2C1ABF570015D361 /* View */ = {
			isa = PBXGroup;
			children = (
				34582D262C1A8DAF00AFAD84 /* LoginView.swift */,
				34C103152C1AA1D20015D361 /* RegistrationView.swift */,
			);
			path = View;
			sourceTree = "<group>";
		};
		34C791A02C1D1A3C00533643 /* Labs */ = {
			isa = PBXGroup;
			children = (
				3410509D2C23A3CF003F3616 /* AgendaView.swift */,
				341050A12C23F347003F3616 /* ReservationsView.swift */,
			);
			path = Labs;
			sourceTree = "<group>";
		};
/* End PBXGroup section */

/* Begin PBXNativeTarget section */
		34582D0D2C1A88E100AFAD84 /* LabsFLowsApp */ = {
			isa = PBXNativeTarget;
			buildConfigurationList = 34582D1C2C1A88E400AFAD84 /* Build configuration list for PBXNativeTarget "LabsFLowsApp" */;
			buildPhases = (
				34582D0A2C1A88E100AFAD84 /* Sources */,
				34582D0B2C1A88E100AFAD84 /* Frameworks */,
				34582D0C2C1A88E100AFAD84 /* Resources */,
			);
			buildRules = (
			);
			dependencies = (
			);
			name = LabsFLowsApp;
			packageProductDependencies = (
				34C103242C1ABE9A0015D361 /* FirebaseAuth */,
				34C103262C1ABE9A0015D361 /* FirebaseFirestore */,
				34C103282C1ABE9A0015D361 /* FirebaseFirestoreSwift */,
				34C1032A2C1ABE9A0015D361 /* FirebaseStorage */,
			);
			productName = LabsFLowsApp;
			productReference = 34582D0E2C1A88E100AFAD84 /* LabsFLowsApp.app */;
			productType = "com.apple.product-type.application";
		};
/* End PBXNativeTarget section */

/* Begin PBXProject section */
		34582D062C1A88E100AFAD84 /* Project object */ = {
			isa = PBXProject;
			attributes = {
				BuildIndependentTargetsInParallel = 1;
				LastSwiftUpdateCheck = 1420;
				LastUpgradeCheck = 1420;
				TargetAttributes = {
					34582D0D2C1A88E100AFAD84 = {
						CreatedOnToolsVersion = 14.2;
					};
				};
			};
			buildConfigurationList = 34582D092C1A88E100AFAD84 /* Build configuration list for PBXProject "LabsFLowsApp" */;
			compatibilityVersion = "Xcode 14.0";
			developmentRegion = en;
			hasScannedForEncodings = 0;
			knownRegions = (
				en,
				Base,
			);
			mainGroup = 34582D052C1A88E100AFAD84;
			packageReferences = (
				34C103232C1ABE9A0015D361 /* XCRemoteSwiftPackageReference "firebase-ios-sdk" */,
			);
			productRefGroup = 34582D0F2C1A88E100AFAD84 /* Products */;
			projectDirPath = "";
			projectRoot = "";
			targets = (
				34582D0D2C1A88E100AFAD84 /* LabsFLowsApp */,
			);
		};
/* End PBXProject section */

/* Begin PBXResourcesBuildPhase section */
		34582D0C2C1A88E100AFAD84 /* Resources */ = {
			isa = PBXResourcesBuildPhase;
			buildActionMask = 2147483647;
			files = (
				34582D192C1A88E400AFAD84 /* Preview Assets.xcassets in Resources */,
				34582D162C1A88E300AFAD84 /* Assets.xcassets in Resources */,
				34C103222C1ABCF00015D361 /* GoogleService-Info.plist in Resources */,
			);
			runOnlyForDeploymentPostprocessing = 0;
		};
/* End PBXResourcesBuildPhase section */

/* Begin PBXSourcesBuildPhase section */
		34582D0A2C1A88E100AFAD84 /* Sources */ = {
			isa = PBXSourcesBuildPhase;
			buildActionMask = 2147483647;
			files = (
				34582D272C1A8DAF00AFAD84 /* LoginView.swift in Sources */,
				341050A22C23F347003F3616 /* ReservationsView.swift in Sources */,
				34C791AF2C1D59EC00533643 /* Reservation.swift in Sources */,
				34582D292C1A949600AFAD84 /* inputView.swift in Sources */,
				34582D122C1A88E100AFAD84 /* LabsFLowsAppApp.swift in Sources */,
				34C1031C2C1AAF490015D361 /* User.swift in Sources */,
				34C791AA2C1D3F6900533643 /* LearningUnit.swift in Sources */,
				34C103182C1AA71C0015D361 /* ProfileView.swift in Sources */,
				343A6F412C1BAC8A000BBC51 /* ContentView.swift in Sources */,
				34C103162C1AA1D20015D361 /* RegistrationView.swift in Sources */,
				34C791A82C1D3E9200533643 /* EducationalProgram.swift in Sources */,
				3410509E2C23A3CF003F3616 /* AgendaView.swift in Sources */,
				34C791A62C1D398300533643 /* Laboratory.swift in Sources */,
				34C1031A2C1AAAD00015D361 /* SettingsRowView.swift in Sources */,
				34C1032F2C1ABFB00015D361 /* AuthViewModel.swift in Sources */,
			);
			runOnlyForDeploymentPostprocessing = 0;
		};
/* End PBXSourcesBuildPhase section */

/* Begin XCBuildConfiguration section */
		34582D1A2C1A88E400AFAD84 /* Debug */ = {
			isa = XCBuildConfiguration;
			buildSettings = {
				ALWAYS_SEARCH_USER_PATHS = NO;
				CLANG_ANALYZER_NONNULL = YES;
				CLANG_ANALYZER_NUMBER_OBJECT_CONVERSION = YES_AGGRESSIVE;
				CLANG_CXX_LANGUAGE_STANDARD = "gnu++20";
				CLANG_ENABLE_MODULES = YES;
				CLANG_ENABLE_OBJC_ARC = YES;
				CLANG_ENABLE_OBJC_WEAK = YES;
				CLANG_WARN_BLOCK_CAPTURE_AUTORELEASING = YES;
				CLANG_WARN_BOOL_CONVERSION = YES;
				CLANG_WARN_COMMA = YES;
				CLANG_WARN_CONSTANT_CONVERSION = YES;
				CLANG_WARN_DEPRECATED_OBJC_IMPLEMENTATIONS = YES;
				CLANG_WARN_DIRECT_OBJC_ISA_USAGE = YES_ERROR;
				CLANG_WARN_DOCUMENTATION_COMMENTS = YES;
				CLANG_WARN_EMPTY_BODY = YES;
				CLANG_WARN_ENUM_CONVERSION = YES;
				CLANG_WARN_INFINITE_RECURSION = YES;
				CLANG_WARN_INT_CONVERSION = YES;
				CLANG_WARN_NON_LITERAL_NULL_CONVERSION = YES;
				CLANG_WARN_OBJC_IMPLICIT_RETAIN_SELF = YES;
				CLANG_WARN_OBJC_LITERAL_CONVERSION = YES;
				CLANG_WARN_OBJC_ROOT_CLASS = YES_ERROR;
				CLANG_WARN_QUOTED_INCLUDE_IN_FRAMEWORK_HEADER = YES;
				CLANG_WARN_RANGE_LOOP_ANALYSIS = YES;
				CLANG_WARN_STRICT_PROTOTYPES = YES;
				CLANG_WARN_SUSPICIOUS_MOVE = YES;
				CLANG_WARN_UNGUARDED_AVAILABILITY = YES_AGGRESSIVE;
				CLANG_WARN_UNREACHABLE_CODE = YES;
				CLANG_WARN__DUPLICATE_METHOD_MATCH = YES;
				COPY_PHASE_STRIP = NO;
				DEBUG_INFORMATION_FORMAT = dwarf;
				ENABLE_STRICT_OBJC_MSGSEND = YES;
				ENABLE_TESTABILITY = YES;
				GCC_C_LANGUAGE_STANDARD = gnu11;
				GCC_DYNAMIC_NO_PIC = NO;
				GCC_NO_COMMON_BLOCKS = YES;
				GCC_OPTIMIZATION_LEVEL = 0;
				GCC_PREPROCESSOR_DEFINITIONS = (
					"DEBUG=1",
					"$(inherited)",
				);
				GCC_WARN_64_TO_32_BIT_CONVERSION = YES;
				GCC_WARN_ABOUT_RETURN_TYPE = YES_ERROR;
				GCC_WARN_UNDECLARED_SELECTOR = YES;
				GCC_WARN_UNINITIALIZED_AUTOS = YES_AGGRESSIVE;
				GCC_WARN_UNUSED_FUNCTION = YES;
				GCC_WARN_UNUSED_VARIABLE = YES;
				IPHONEOS_DEPLOYMENT_TARGET = 16.1;
				MTL_ENABLE_DEBUG_INFO = INCLUDE_SOURCE;
				MTL_FAST_MATH = YES;
				ONLY_ACTIVE_ARCH = YES;
				SDKROOT = iphoneos;
				SWIFT_ACTIVE_COMPILATION_CONDITIONS = DEBUG;
				SWIFT_OPTIMIZATION_LEVEL = "-Onone";
			};
			name = Debug;
		};
		34582D1B2C1A88E400AFAD84 /* Release */ = {
			isa = XCBuildConfiguration;
			buildSettings = {
				ALWAYS_SEARCH_USER_PATHS = NO;
				CLANG_ANALYZER_NONNULL = YES;
				CLANG_ANALYZER_NUMBER_OBJECT_CONVERSION = YES_AGGRESSIVE;
				CLANG_CXX_LANGUAGE_STANDARD = "gnu++20";
				CLANG_ENABLE_MODULES = YES;
				CLANG_ENABLE_OBJC_ARC = YES;
				CLANG_ENABLE_OBJC_WEAK = YES;
				CLANG_WARN_BLOCK_CAPTURE_AUTORELEASING = YES;
				CLANG_WARN_BOOL_CONVERSION = YES;
				CLANG_WARN_COMMA = YES;
				CLANG_WARN_CONSTANT_CONVERSION = YES;
				CLANG_WARN_DEPRECATED_OBJC_IMPLEMENTATIONS = YES;
				CLANG_WARN_DIRECT_OBJC_ISA_USAGE = YES_ERROR;
				CLANG_WARN_DOCUMENTATION_COMMENTS = YES;
				CLANG_WARN_EMPTY_BODY = YES;
				CLANG_WARN_ENUM_CONVERSION = YES;
				CLANG_WARN_INFINITE_RECURSION = YES;
				CLANG_WARN_INT_CONVERSION = YES;
				CLANG_WARN_NON_LITERAL_NULL_CONVERSION = YES;
				CLANG_WARN_OBJC_IMPLICIT_RETAIN_SELF = YES;
				CLANG_WARN_OBJC_LITERAL_CONVERSION = YES;
				CLANG_WARN_OBJC_ROOT_CLASS = YES_ERROR;
				CLANG_WARN_QUOTED_INCLUDE_IN_FRAMEWORK_HEADER = YES;
				CLANG_WARN_RANGE_LOOP_ANALYSIS = YES;
				CLANG_WARN_STRICT_PROTOTYPES = YES;
				CLANG_WARN_SUSPICIOUS_MOVE = YES;
				CLANG_WARN_UNGUARDED_AVAILABILITY = YES_AGGRESSIVE;
				CLANG_WARN_UNREACHABLE_CODE = YES;
				CLANG_WARN__DUPLICATE_METHOD_MATCH = YES;
				COPY_PHASE_STRIP = NO;
				DEBUG_INFORMATION_FORMAT = "dwarf-with-dsym";
				ENABLE_NS_ASSERTIONS = NO;
				ENABLE_STRICT_OBJC_MSGSEND = YES;
				GCC_C_LANGUAGE_STANDARD = gnu11;
				GCC_NO_COMMON_BLOCKS = YES;
				GCC_WARN_64_TO_32_BIT_CONVERSION = YES;
				GCC_WARN_ABOUT_RETURN_TYPE = YES_ERROR;
				GCC_WARN_UNDECLARED_SELECTOR = YES;
				GCC_WARN_UNINITIALIZED_AUTOS = YES_AGGRESSIVE;
				GCC_WARN_UNUSED_FUNCTION = YES;
				GCC_WARN_UNUSED_VARIABLE = YES;
				IPHONEOS_DEPLOYMENT_TARGET = 16.1;
				MTL_ENABLE_DEBUG_INFO = NO;
				MTL_FAST_MATH = YES;
				SDKROOT = iphoneos;
				SWIFT_COMPILATION_MODE = wholemodule;
				SWIFT_OPTIMIZATION_LEVEL = "-O";
				VALIDATE_PRODUCT = YES;
			};
			name = Release;
		};
		34582D1D2C1A88E400AFAD84 /* Debug */ = {
			isa = XCBuildConfiguration;
			buildSettings = {
				ASSETCATALOG_COMPILER_APPICON_NAME = AppIcon;
				ASSETCATALOG_COMPILER_GLOBAL_ACCENT_COLOR_NAME = AccentColor;
				CODE_SIGN_STYLE = Automatic;
				CURRENT_PROJECT_VERSION = 1;
				DEVELOPMENT_ASSET_PATHS = "\"LabsFLowsApp/Preview Content\"";
				DEVELOPMENT_TEAM = 3A6JAT47NC;
				ENABLE_PREVIEWS = YES;
				GENERATE_INFOPLIST_FILE = YES;
				INFOPLIST_KEY_UIApplicationSceneManifest_Generation = YES;
				INFOPLIST_KEY_UIApplicationSupportsIndirectInputEvents = YES;
				INFOPLIST_KEY_UILaunchScreen_Generation = YES;
				INFOPLIST_KEY_UISupportedInterfaceOrientations_iPad = "UIInterfaceOrientationPortrait UIInterfaceOrientationPortraitUpsideDown UIInterfaceOrientationLandscapeLeft UIInterfaceOrientationLandscapeRight";
				INFOPLIST_KEY_UISupportedInterfaceOrientations_iPhone = "UIInterfaceOrientationPortrait UIInterfaceOrientationLandscapeLeft UIInterfaceOrientationLandscapeRight";
				LD_RUNPATH_SEARCH_PATHS = (
					"$(inherited)",
					"@executable_path/Frameworks",
				);
				MARKETING_VERSION = 1.0;
				PRODUCT_BUNDLE_IDENTIFIER = labsflows.LabsFLowsApp;
				PRODUCT_NAME = "$(TARGET_NAME)";
				SWIFT_EMIT_LOC_STRINGS = YES;
				SWIFT_VERSION = 5.0;
				TARGETED_DEVICE_FAMILY = "1,2";
			};
			name = Debug;
		};
		34582D1E2C1A88E400AFAD84 /* Release */ = {
			isa = XCBuildConfiguration;
			buildSettings = {
				ASSETCATALOG_COMPILER_APPICON_NAME = AppIcon;
				ASSETCATALOG_COMPILER_GLOBAL_ACCENT_COLOR_NAME = AccentColor;
				CODE_SIGN_STYLE = Automatic;
				CURRENT_PROJECT_VERSION = 1;
				DEVELOPMENT_ASSET_PATHS = "\"LabsFLowsApp/Preview Content\"";
				DEVELOPMENT_TEAM = 3A6JAT47NC;
				ENABLE_PREVIEWS = YES;
				GENERATE_INFOPLIST_FILE = YES;
				INFOPLIST_KEY_UIApplicationSceneManifest_Generation = YES;
				INFOPLIST_KEY_UIApplicationSupportsIndirectInputEvents = YES;
				INFOPLIST_KEY_UILaunchScreen_Generation = YES;
				INFOPLIST_KEY_UISupportedInterfaceOrientations_iPad = "UIInterfaceOrientationPortrait UIInterfaceOrientationPortraitUpsideDown UIInterfaceOrientationLandscapeLeft UIInterfaceOrientationLandscapeRight";
				INFOPLIST_KEY_UISupportedInterfaceOrientations_iPhone = "UIInterfaceOrientationPortrait UIInterfaceOrientationLandscapeLeft UIInterfaceOrientationLandscapeRight";
				LD_RUNPATH_SEARCH_PATHS = (
					"$(inherited)",
					"@executable_path/Frameworks",
				);
				MARKETING_VERSION = 1.0;
				PRODUCT_BUNDLE_IDENTIFIER = labsflows.LabsFLowsApp;
				PRODUCT_NAME = "$(TARGET_NAME)";
				SWIFT_EMIT_LOC_STRINGS = YES;
				SWIFT_VERSION = 5.0;
				TARGETED_DEVICE_FAMILY = "1,2";
			};
			name = Release;
		};
/* End XCBuildConfiguration section */

/* Begin XCConfigurationList section */
		34582D092C1A88E100AFAD84 /* Build configuration list for PBXProject "LabsFLowsApp" */ = {
			isa = XCConfigurationList;
			buildConfigurations = (
				34582D1A2C1A88E400AFAD84 /* Debug */,
				34582D1B2C1A88E400AFAD84 /* Release */,
			);
			defaultConfigurationIsVisible = 0;
			defaultConfigurationName = Debug;
		};
		34582D1C2C1A88E400AFAD84 /* Build configuration list for PBXNativeTarget "LabsFLowsApp" */ = {
			isa = XCConfigurationList;
			buildConfigurations = (
				34582D1D2C1A88E400AFAD84 /* Debug */,
				34582D1E2C1A88E400AFAD84 /* Release */,
			);
			defaultConfigurationIsVisible = 0;
			defaultConfigurationName = Debug;
		};
/* End XCConfigurationList section */

/* Begin XCRemoteSwiftPackageReference section */
		34C103232C1ABE9A0015D361 /* XCRemoteSwiftPackageReference "firebase-ios-sdk" */ = {
			isa = XCRemoteSwiftPackageReference;
			repositoryURL = "https://github.com/firebase/firebase-ios-sdk";
			requirement = {
				kind = upToNextMajorVersion;
				minimumVersion = 9.0.0;
			};
		};
/* End XCRemoteSwiftPackageReference section */

/* Begin XCSwiftPackageProductDependency section */
		34C103242C1ABE9A0015D361 /* FirebaseAuth */ = {
			isa = XCSwiftPackageProductDependency;
			package = 34C103232C1ABE9A0015D361 /* XCRemoteSwiftPackageReference "firebase-ios-sdk" */;
			productName = FirebaseAuth;
		};
		34C103262C1ABE9A0015D361 /* FirebaseFirestore */ = {
			isa = XCSwiftPackageProductDependency;
			package = 34C103232C1ABE9A0015D361 /* XCRemoteSwiftPackageReference "firebase-ios-sdk" */;
			productName = FirebaseFirestore;
		};
		34C103282C1ABE9A0015D361 /* FirebaseFirestoreSwift */ = {
			isa = XCSwiftPackageProductDependency;
			package = 34C103232C1ABE9A0015D361 /* XCRemoteSwiftPackageReference "firebase-ios-sdk" */;
			productName = FirebaseFirestoreSwift;
		};
		34C1032A2C1ABE9A0015D361 /* FirebaseStorage */ = {
			isa = XCSwiftPackageProductDependency;
			package = 34C103232C1ABE9A0015D361 /* XCRemoteSwiftPackageReference "firebase-ios-sdk" */;
			productName = FirebaseStorage;
		};
/* End XCSwiftPackageProductDependency section */
	};
	rootObject = 34582D062C1A88E100AFAD84 /* Project object */;
}
